{
  "name": "ej2-ts-modern",
  "version": "1.0.0",
  "lockfileVersion": 2,
  "requires": true,
  "packages": {
    "": {
      "name": "ej2-ts-modern",
      "version": "1.0.0",
      "license": "ISC",
      "dependencies": {
        "@syncfusion/ej2-buttons": "^19.2.55"
      }
    },
    "node_modules/@syncfusion/ej2-base": {
      "version": "19.2.55",
      "resolved": "https://registry.npmjs.org/@syncfusion/ej2-base/-/ej2-base-19.2.55.tgz",
      "integrity": "sha512-f6hlbqw7SAw0RcBno2n2fq2kO+DCgMoHiGsZt6hWISK1mwxixqu/eF4R52OvTI9OLanp5uvePmxztffcO4pH2g==",
      "dependencies": {
        "@syncfusion/ej2-icons": "~19.2.55"
      }
    },
    "node_modules/@syncfusion/ej2-buttons": {
      "version": "19.2.55",
      "resolved": "https://registry.npmjs.org/@syncfusion/ej2-buttons/-/ej2-buttons-19.2.55.tgz",
      "integrity": "sha512-L9h+7CeJOCUdJllSzxkjyQ4/wJnua2FpGAUXgEvWJhkVmmW3es3HzH8UfDj6vX7aXzEa4cCApcqVaDR18bfADg==",
      "dependencies": {
        "@syncfusion/ej2-base": "~19.2.55"
      }
    },
    "node_modules/@syncfusion/ej2-icons": {
      "version": "19.2.55",
      "resolved": "https://registry.npmjs.org/@syncfusion/ej2-icons/-/ej2-icons-19.2.55.tgz",
      "integrity": "sha512-64kPva81wFfB84F215O9T1Um0dr5VIVovxCwd2VmwKxywO6FPutcU8rk0g4TKYCLlzrRpz59pARlhLrmrOUgEg=="
    }
  },
  "dependencies": {
    "@syncfusion/ej2-base": {
      "version": "19.2.55",
      "resolved": "https://registry.npmjs.org/@syncfusion/ej2-base/-/ej2-base-19.2.55.tgz",
      "integrity": "sha512-f6hlbqw7SAw0RcBno2n2fq2kO+DCgMoHiGsZt6hWISK1mwxixqu/eF4R52OvTI9OLanp5uvePmxztffcO4pH2g==",
      "requires": {
        "@syncfusion/ej2-icons": "~19.2.55"
      }
    },
    "@syncfusion/ej2-buttons": {
      "version": "19.2.55",
      "resolved": "https://registry.npmjs.org/@syncfusion/ej2-buttons/-/ej2-buttons-19.2.55.tgz",
      "integrity": "sha512-L9h+7CeJOCUdJllSzxkjyQ4/wJnua2FpGAUXgEvWJhkVmmW3es3HzH8UfDj6vX7aXzEa4cCApcqVaDR18bfADg==",
      "requires": {
        "@syncfusion/ej2-base": "~19.2.55"
      }
    },
    "@syncfusion/ej2-icons": {
      "version": "19.2.55",
      "resolved": "https://registry.npmjs.org/@syncfusion/ej2-icons/-/ej2-icons-19.2.55.tgz",
      "integrity": "sha512-64kPva81wFfB84F215O9T1Um0dr5VIVovxCwd2VmwKxywO6FPutcU8rk0g4TKYCLlzrRpz59pARlhLrmrOUgEg=="
    }
  }
}
